
Microsoft Visual Studio Solution File, Format Version 12.00
# Visual Studio Version 16
VisualStudioVersion = 16.0.30503.244
MinimumVisualStudioVersion = 10.0.40219.1
Project("{9A19103F-16F7-4668-BE54-9A1E7A4F7556}") = "Communication.Web", "src\Communication.Web\Communication.Web.csproj", "{F933D603-0C5E-41C2-8085-D2BA9BCA41DD}"
EndProject
Project("{FAE04EC0-301F-11D3-BF4B-00C04F79EFBC}") = "Common.Data", "src\Common.Data\Common.Data.csproj", "{4F48C09A-AE27-410A-BF4E-A399616BF6EC}"
EndProject
Project("{FAE04EC0-301F-11D3-BF4B-00C04F79EFBC}") = "Business.Authentication", "src\Business.Authentication\Business.Authentication.csproj", "{0E017759-F3D8-4EA5-9426-93A0CCAE1E5D}"
EndProject
Project("{FAE04EC0-301F-11D3-BF4B-00C04F79EFBC}") = "Communication.Database", "src\Business.Database\Communication.Database.csproj", "{9A4B72A0-145F-436E-9F6F-68A60CDE287F}"
EndProject
Project("{FAE04EC0-301F-11D3-BF4B-00C04F79EFBC}") = "Business.Api", "src\Business.Api\Business.Api.csproj", "{37756431-3E48-47E9-9A00-98A3351AF6F3}"
EndProject
Global
	GlobalSection(SolutionConfigurationPlatforms) = preSolution
		Debug|Any CPU = Debug|Any CPU
		Release|Any CPU = Release|Any CPU
	EndGlobalSection
	GlobalSection(ProjectConfigurationPlatforms) = postSolution
		{F933D603-0C5E-41C2-8085-D2BA9BCA41DD}.Debug|Any CPU.ActiveCfg = Debug|Any CPU
		{F933D603-0C5E-41C2-8085-D2BA9BCA41DD}.Debug|Any CPU.Build.0 = Debug|Any CPU
		{F933D603-0C5E-41C2-8085-D2BA9BCA41DD}.Release|Any CPU.ActiveCfg = Release|Any CPU
		{F933D603-0C5E-41C2-8085-D2BA9BCA41DD}.Release|Any CPU.Build.0 = Release|Any CPU
		{4F48C09A-AE27-410A-BF4E-A399616BF6EC}.Debug|Any CPU.ActiveCfg = Debug|Any CPU
		{4F48C09A-AE27-410A-BF4E-A399616BF6EC}.Debug|Any CPU.Build.0 = Debug|Any CPU
		{4F48C09A-AE27-410A-BF4E-A399616BF6EC}.Release|Any CPU.ActiveCfg = Release|Any CPU
		{4F48C09A-AE27-410A-BF4E-A399616BF6EC}.Release|Any CPU.Build.0 = Release|Any CPU
		{0E017759-F3D8-4EA5-9426-93A0CCAE1E5D}.Debug|Any CPU.ActiveCfg = Debug|Any CPU
		{0E017759-F3D8-4EA5-9426-93A0CCAE1E5D}.Debug|Any CPU.Build.0 = Debug|Any CPU
		{0E017759-F3D8-4EA5-9426-93A0CCAE1E5D}.Release|Any CPU.ActiveCfg = Release|Any CPU
		{0E017759-F3D8-4EA5-9426-93A0CCAE1E5D}.Release|Any CPU.Build.0 = Release|Any CPU
		{9A4B72A0-145F-436E-9F6F-68A60CDE287F}.Debug|Any CPU.ActiveCfg = Debug|Any CPU
		{9A4B72A0-145F-436E-9F6F-68A60CDE287F}.Debug|Any CPU.Build.0 = Debug|Any CPU
		{9A4B72A0-145F-436E-9F6F-68A60CDE287F}.Release|Any CPU.ActiveCfg = Release|Any CPU
		{9A4B72A0-145F-436E-9F6F-68A60CDE287F}.Release|Any CPU.Build.0 = Release|Any CPU
		{37756431-3E48-47E9-9A00-98A3351AF6F3}.Debug|Any CPU.ActiveCfg = Debug|Any CPU
		{37756431-3E48-47E9-9A00-98A3351AF6F3}.Debug|Any CPU.Build.0 = Debug|Any CPU
		{37756431-3E48-47E9-9A00-98A3351AF6F3}.Release|Any CPU.ActiveCfg = Release|Any CPU
		{37756431-3E48-47E9-9A00-98A3351AF6F3}.Release|Any CPU.Build.0 = Release|Any CPU
	EndGlobalSection
	GlobalSection(SolutionProperties) = preSolution
		HideSolutionNode = FALSE
	EndGlobalSection
	GlobalSection(ExtensibilityGlobals) = postSolution
		SolutionGuid = {3676BD69-14EB-43F2-922A-C57B1CE735BC}
	EndGlobalSection
EndGlobal
